
Microsoft Visual Studio Solution File, Format Version 12.00
# Visual Studio Version 16
VisualStudioVersion = 16.0.32126.315
MinimumVisualStudioVersion = 10.0.40219.1
Project("{FAE04EC0-301F-11D3-BF4B-00C04F79EFBC}") = "Biblioteca", "Biblioteca\Biblioteca.csproj", "{742F14F0-C193-4AE9-AC04-5FD9D4E1B57D}"
EndProject
Global
	GlobalSection(SolutionConfigurationPlatforms) = preSolution
		Debug|Any CPU = Debug|Any CPU
		Release|Any CPU = Release|Any CPU
	EndGlobalSection
	GlobalSection(ProjectConfigurationPlatforms) = postSolution
		{742F14F0-C193-4AE9-AC04-5FD9D4E1B57D}.Debug|Any CPU.ActiveCfg = Debug|Any CPU
		{742F14F0-C193-4AE9-AC04-5FD9D4E1B57D}.Debug|Any CPU.Build.0 = Debug|Any CPU
		{742F14F0-C193-4AE9-AC04-5FD9D4E1B57D}.Release|Any CPU.ActiveCfg = Release|Any CPU
		{742F14F0-C193-4AE9-AC04-5FD9D4E1B57D}.Release|Any CPU.Build.0 = Release|Any CPU
	EndGlobalSection
	GlobalSection(SolutionProperties) = preSolution
		HideSolutionNode = FALSE
	EndGlobalSection
	GlobalSection(ExtensibilityGlobals) = postSolution
		SolutionGuid = {C1D84D31-AB20-43C6-AD43-A2E833B5D443}
	EndGlobalSection
EndGlobal
